
Microsoft Visual Studio Solution File, Format Version 12.00
# Visual Studio Version 17
VisualStudioVersion = 17.3.32901.215
MinimumVisualStudioVersion = 10.0.40219.1
Project("{FAE04EC0-301F-11D3-BF4B-00C04F79EFBC}") = "market_app", "market_app\market_app.csproj", "{34038052-E8C3-45A9-9498-E7C2D9BD030C}"
EndProject
Global
	GlobalSection(SolutionConfigurationPlatforms) = preSolution
		Debug|Any CPU = Debug|Any CPU
		Release|Any CPU = Release|Any CPU
	EndGlobalSection
	GlobalSection(ProjectConfigurationPlatforms) = postSolution
		{34038052-E8C3-45A9-9498-E7C2D9BD030C}.Debug|Any CPU.ActiveCfg = Debug|Any CPU
		{34038052-E8C3-45A9-9498-E7C2D9BD030C}.Debug|Any CPU.Build.0 = Debug|Any CPU
		{34038052-E8C3-45A9-9498-E7C2D9BD030C}.Release|Any CPU.ActiveCfg = Release|Any CPU
		{34038052-E8C3-45A9-9498-E7C2D9BD030C}.Release|Any CPU.Build.0 = Release|Any CPU
	EndGlobalSection
	GlobalSection(SolutionProperties) = preSolution
		HideSolutionNode = FALSE
	EndGlobalSection
	GlobalSection(ExtensibilityGlobals) = postSolution
		SolutionGuid = {3360882B-6389-48C3-A20A-886A87E5B898}
	EndGlobalSection
EndGlobal
